
Microsoft Visual Studio Solution File, Format Version 12.00
# Visual Studio 2013
VisualStudioVersion = 12.0.31101.0
MinimumVisualStudioVersion = 10.0.40219.1
Project("{FAE04EC0-301F-11D3-BF4B-00C04F79EFBC}") = "GoLDraft", "GoLDraft\GoLDraft.csproj", "{BCDF9F1C-0D85-4617-A5E5-5861925C2904}"
EndProject
Global
	GlobalSection(SolutionConfigurationPlatforms) = preSolution
		Debug|Any CPU = Debug|Any CPU
		Release|Any CPU = Release|Any CPU
	EndGlobalSection
	GlobalSection(ProjectConfigurationPlatforms) = postSolution
		{BCDF9F1C-0D85-4617-A5E5-5861925C2904}.Debug|Any CPU.ActiveCfg = Debug|Any CPU
		{BCDF9F1C-0D85-4617-A5E5-5861925C2904}.Debug|Any CPU.Build.0 = Debug|Any CPU
		{BCDF9F1C-0D85-4617-A5E5-5861925C2904}.Release|Any CPU.ActiveCfg = Release|Any CPU
		{BCDF9F1C-0D85-4617-A5E5-5861925C2904}.Release|Any CPU.Build.0 = Release|Any CPU
	EndGlobalSection
	GlobalSection(SolutionProperties) = preSolution
		HideSolutionNode = FALSE
	EndGlobalSection
EndGlobal
